
Microsoft Visual Studio Solution File, Format Version 12.00
# Visual Studio 14
VisualStudioVersion = 14.0.25420.1
MinimumVisualStudioVersion = 10.0.40219.1
Project("{FAE04EC0-301F-11D3-BF4B-00C04F79EFBC}") = "Cuentas", "objetos-Cuentas\Cuentas.csproj", "{9878F115-C14B-4079-AC4A-151850B710C5}"
EndProject
Project("{FAE04EC0-301F-11D3-BF4B-00C04F79EFBC}") = "Aves", "solid-aves\Aves\Aves\Aves.csproj", "{73D9B812-7232-436B-AE35-C0B2F5C8CDE6}"
EndProject
Project("{FAE04EC0-301F-11D3-BF4B-00C04F79EFBC}") = "AvesStrategy", "solid-aves\AvesStrategy\AvesStrategy\AvesStrategy.csproj", "{814CF6C3-5637-4468-853E-6D333288F095}"
EndProject
Project("{E24C65DC-7377-472B-9ABA-BC803B73C61A}") = "mvc-facturas", "mvc-facturas\", "{472F6E26-D7DB-4669-B62D-D9F757D4FB4B}"
	ProjectSection(WebsiteProperties) = preProject
		TargetFrameworkMoniker = ".NETFramework,Version%3Dv4.6.1"
		Debug.AspNetCompiler.VirtualPath = "/localhost_54757"
		Debug.AspNetCompiler.PhysicalPath = "mvc-facturas\"
		Debug.AspNetCompiler.TargetPath = "PrecompiledWeb\localhost_54757\"
		Debug.AspNetCompiler.Updateable = "true"
		Debug.AspNetCompiler.ForceOverwrite = "true"
		Debug.AspNetCompiler.FixedNames = "false"
		Debug.AspNetCompiler.Debug = "True"
		Release.AspNetCompiler.VirtualPath = "/localhost_54757"
		Release.AspNetCompiler.PhysicalPath = "mvc-facturas\"
		Release.AspNetCompiler.TargetPath = "PrecompiledWeb\localhost_54757\"
		Release.AspNetCompiler.Updateable = "true"
		Release.AspNetCompiler.ForceOverwrite = "true"
		Release.AspNetCompiler.FixedNames = "false"
		Release.AspNetCompiler.Debug = "False"
		VWDPort = "54757"
		SlnRelativePath = "mvc-facturas\"
		DefaultWebSiteLanguage = "Visual C#"
	EndProjectSection
EndProject
Global
	GlobalSection(SolutionConfigurationPlatforms) = preSolution
		Debug|Any CPU = Debug|Any CPU
		Release|Any CPU = Release|Any CPU
	EndGlobalSection
	GlobalSection(ProjectConfigurationPlatforms) = postSolution
		{9878F115-C14B-4079-AC4A-151850B710C5}.Debug|Any CPU.ActiveCfg = Debug|Any CPU
		{9878F115-C14B-4079-AC4A-151850B710C5}.Debug|Any CPU.Build.0 = Debug|Any CPU
		{9878F115-C14B-4079-AC4A-151850B710C5}.Release|Any CPU.ActiveCfg = Release|Any CPU
		{9878F115-C14B-4079-AC4A-151850B710C5}.Release|Any CPU.Build.0 = Release|Any CPU
		{73D9B812-7232-436B-AE35-C0B2F5C8CDE6}.Debug|Any CPU.ActiveCfg = Debug|Any CPU
		{73D9B812-7232-436B-AE35-C0B2F5C8CDE6}.Debug|Any CPU.Build.0 = Debug|Any CPU
		{73D9B812-7232-436B-AE35-C0B2F5C8CDE6}.Release|Any CPU.ActiveCfg = Release|Any CPU
		{73D9B812-7232-436B-AE35-C0B2F5C8CDE6}.Release|Any CPU.Build.0 = Release|Any CPU
		{814CF6C3-5637-4468-853E-6D333288F095}.Debug|Any CPU.ActiveCfg = Debug|Any CPU
		{814CF6C3-5637-4468-853E-6D333288F095}.Debug|Any CPU.Build.0 = Debug|Any CPU
		{814CF6C3-5637-4468-853E-6D333288F095}.Release|Any CPU.ActiveCfg = Release|Any CPU
		{814CF6C3-5637-4468-853E-6D333288F095}.Release|Any CPU.Build.0 = Release|Any CPU
		{472F6E26-D7DB-4669-B62D-D9F757D4FB4B}.Debug|Any CPU.ActiveCfg = Debug|Any CPU
		{472F6E26-D7DB-4669-B62D-D9F757D4FB4B}.Debug|Any CPU.Build.0 = Debug|Any CPU
		{472F6E26-D7DB-4669-B62D-D9F757D4FB4B}.Release|Any CPU.ActiveCfg = Debug|Any CPU
		{472F6E26-D7DB-4669-B62D-D9F757D4FB4B}.Release|Any CPU.Build.0 = Debug|Any CPU
	EndGlobalSection
	GlobalSection(SolutionProperties) = preSolution
		HideSolutionNode = FALSE
	EndGlobalSection
EndGlobal
